
Microsoft Visual Studio Solution File, Format Version 12.00
# Visual Studio 15
VisualStudioVersion = 15.0.28307.271
MinimumVisualStudioVersion = 10.0.40219.1
Project("{9A19103F-16F7-4668-BE54-9A1E7A4F7556}") = "CentricExpress.Presentation", "CentricExpress.Mvc\CentricExpress.Presentation.csproj", "{60647D6E-AE4B-48E4-A430-817D401A9F75}"
EndProject
Project("{9A19103F-16F7-4668-BE54-9A1E7A4F7556}") = "CentricExpress.Api", "CentricExpress.Api\CentricExpress.Api.csproj", "{C308A077-E16A-45A5-9989-3913E936AB6B}"
EndProject
Project("{2150E333-8FDC-42A3-9474-1A3956D46DE8}") = "01.Presentation", "01.Presentation", "{50FCED68-BE02-48BF-A7E1-A9D3E749AB81}"
EndProject
Project("{2150E333-8FDC-42A3-9474-1A3956D46DE8}") = "02.Services", "02.Services", "{06914548-702D-427C-90A2-3D917D930D03}"
EndProject
Project("{2150E333-8FDC-42A3-9474-1A3956D46DE8}") = "03.Business", "03.Business", "{85FE62FC-6182-45C0-8441-A69F6330B2A8}"
EndProject
Project("{FAE04EC0-301F-11D3-BF4B-00C04F79EFBC}") = "CentricExpress.Business", "CentricExpress.Business\CentricExpress.Business.csproj", "{D0C64868-8FD7-4131-B1F5-AFC8F9CED653}"
EndProject
Project("{2150E333-8FDC-42A3-9474-1A3956D46DE8}") = "04.Data", "04.Data", "{9ABBE15A-E2E0-4466-9873-863B2B469558}"
EndProject
Project("{FAE04EC0-301F-11D3-BF4B-00C04F79EFBC}") = "CentricExpress.Data", "CentricExpress.Data\CentricExpress.Data.csproj", "{F0B3AFFB-51B1-4ADB-97FC-EB59991B9FDB}"
EndProject
Project("{2150E333-8FDC-42A3-9474-1A3956D46DE8}") = "05.UnitTest", "05.UnitTest", "{3EF9A0C5-B968-4A62-A8CA-C403D6EC8CB5}"
EndProject
Project("{FAE04EC0-301F-11D3-BF4B-00C04F79EFBC}") = "Business.Test", "Business.Test\Business.Test.csproj", "{BF3F9AD8-FAB6-4FA1-AD9E-425836C7A67B}"
EndProject
Global
	GlobalSection(SolutionConfigurationPlatforms) = preSolution
		Debug|Any CPU = Debug|Any CPU
		Release|Any CPU = Release|Any CPU
	EndGlobalSection
	GlobalSection(ProjectConfigurationPlatforms) = postSolution
		{60647D6E-AE4B-48E4-A430-817D401A9F75}.Debug|Any CPU.ActiveCfg = Debug|Any CPU
		{60647D6E-AE4B-48E4-A430-817D401A9F75}.Debug|Any CPU.Build.0 = Debug|Any CPU
		{60647D6E-AE4B-48E4-A430-817D401A9F75}.Release|Any CPU.ActiveCfg = Release|Any CPU
		{60647D6E-AE4B-48E4-A430-817D401A9F75}.Release|Any CPU.Build.0 = Release|Any CPU
		{C308A077-E16A-45A5-9989-3913E936AB6B}.Debug|Any CPU.ActiveCfg = Debug|Any CPU
		{C308A077-E16A-45A5-9989-3913E936AB6B}.Debug|Any CPU.Build.0 = Debug|Any CPU
		{C308A077-E16A-45A5-9989-3913E936AB6B}.Release|Any CPU.ActiveCfg = Release|Any CPU
		{C308A077-E16A-45A5-9989-3913E936AB6B}.Release|Any CPU.Build.0 = Release|Any CPU
		{D0C64868-8FD7-4131-B1F5-AFC8F9CED653}.Debug|Any CPU.ActiveCfg = Debug|Any CPU
		{D0C64868-8FD7-4131-B1F5-AFC8F9CED653}.Debug|Any CPU.Build.0 = Debug|Any CPU
		{D0C64868-8FD7-4131-B1F5-AFC8F9CED653}.Release|Any CPU.ActiveCfg = Release|Any CPU
		{D0C64868-8FD7-4131-B1F5-AFC8F9CED653}.Release|Any CPU.Build.0 = Release|Any CPU
		{F0B3AFFB-51B1-4ADB-97FC-EB59991B9FDB}.Debug|Any CPU.ActiveCfg = Debug|Any CPU
		{F0B3AFFB-51B1-4ADB-97FC-EB59991B9FDB}.Debug|Any CPU.Build.0 = Debug|Any CPU
		{F0B3AFFB-51B1-4ADB-97FC-EB59991B9FDB}.Release|Any CPU.ActiveCfg = Release|Any CPU
		{F0B3AFFB-51B1-4ADB-97FC-EB59991B9FDB}.Release|Any CPU.Build.0 = Release|Any CPU
		{BF3F9AD8-FAB6-4FA1-AD9E-425836C7A67B}.Debug|Any CPU.ActiveCfg = Debug|Any CPU
		{BF3F9AD8-FAB6-4FA1-AD9E-425836C7A67B}.Debug|Any CPU.Build.0 = Debug|Any CPU
		{BF3F9AD8-FAB6-4FA1-AD9E-425836C7A67B}.Release|Any CPU.ActiveCfg = Release|Any CPU
		{BF3F9AD8-FAB6-4FA1-AD9E-425836C7A67B}.Release|Any CPU.Build.0 = Release|Any CPU
	EndGlobalSection
	GlobalSection(SolutionProperties) = preSolution
		HideSolutionNode = FALSE
	EndGlobalSection
	GlobalSection(NestedProjects) = preSolution
		{60647D6E-AE4B-48E4-A430-817D401A9F75} = {50FCED68-BE02-48BF-A7E1-A9D3E749AB81}
		{C308A077-E16A-45A5-9989-3913E936AB6B} = {06914548-702D-427C-90A2-3D917D930D03}
		{D0C64868-8FD7-4131-B1F5-AFC8F9CED653} = {85FE62FC-6182-45C0-8441-A69F6330B2A8}
		{F0B3AFFB-51B1-4ADB-97FC-EB59991B9FDB} = {9ABBE15A-E2E0-4466-9873-863B2B469558}
		{BF3F9AD8-FAB6-4FA1-AD9E-425836C7A67B} = {3EF9A0C5-B968-4A62-A8CA-C403D6EC8CB5}
	EndGlobalSection
	GlobalSection(ExtensibilityGlobals) = postSolution
		SolutionGuid = {073D1C3B-CCE7-4B1E-A4E3-DDB001A5F2C2}
	EndGlobalSection
EndGlobal
